
Microsoft Visual Studio Solution File, Format Version 12.00
# Visual Studio Version 17
VisualStudioVersion = 17.4.33213.308
MinimumVisualStudioVersion = 10.0.40219.1
Project("{8BC9CEB8-8B4A-11D0-8D11-00A0C91BC942}") = "Project1", "Project1\Project1.vcxproj", "{A31C813F-3B93-420D-92D0-89F4D267377D}"
EndProject
Project("{8BC9CEB8-8B4A-11D0-8D11-00A0C91BC942}") = "Task02", "Task02\Task02.vcxproj", "{0AA0E331-AFF3-4FF2-A91D-6B4DF3A622AE}"
EndProject
Global
	GlobalSection(SolutionConfigurationPlatforms) = preSolution
		Debug|x64 = Debug|x64
		Debug|x86 = Debug|x86
		Release|x64 = Release|x64
		Release|x86 = Release|x86
	EndGlobalSection
	GlobalSection(ProjectConfigurationPlatforms) = postSolution
		{A31C813F-3B93-420D-92D0-89F4D267377D}.Debug|x64.ActiveCfg = Debug|x64
		{A31C813F-3B93-420D-92D0-89F4D267377D}.Debug|x64.Build.0 = Debug|x64
		{A31C813F-3B93-420D-92D0-89F4D267377D}.Debug|x86.ActiveCfg = Debug|Win32
		{A31C813F-3B93-420D-92D0-89F4D267377D}.Debug|x86.Build.0 = Debug|Win32
		{A31C813F-3B93-420D-92D0-89F4D267377D}.Release|x64.ActiveCfg = Release|x64
		{A31C813F-3B93-420D-92D0-89F4D267377D}.Release|x64.Build.0 = Release|x64
		{A31C813F-3B93-420D-92D0-89F4D267377D}.Release|x86.ActiveCfg = Release|Win32
		{A31C813F-3B93-420D-92D0-89F4D267377D}.Release|x86.Build.0 = Release|Win32
		{0AA0E331-AFF3-4FF2-A91D-6B4DF3A622AE}.Debug|x64.ActiveCfg = Debug|x64
		{0AA0E331-AFF3-4FF2-A91D-6B4DF3A622AE}.Debug|x64.Build.0 = Debug|x64
		{0AA0E331-AFF3-4FF2-A91D-6B4DF3A622AE}.Debug|x86.ActiveCfg = Debug|Win32
		{0AA0E331-AFF3-4FF2-A91D-6B4DF3A622AE}.Debug|x86.Build.0 = Debug|Win32
		{0AA0E331-AFF3-4FF2-A91D-6B4DF3A622AE}.Release|x64.ActiveCfg = Release|x64
		{0AA0E331-AFF3-4FF2-A91D-6B4DF3A622AE}.Release|x64.Build.0 = Release|x64
		{0AA0E331-AFF3-4FF2-A91D-6B4DF3A622AE}.Release|x86.ActiveCfg = Release|Win32
		{0AA0E331-AFF3-4FF2-A91D-6B4DF3A622AE}.Release|x86.Build.0 = Release|Win32
	EndGlobalSection
	GlobalSection(SolutionProperties) = preSolution
		HideSolutionNode = FALSE
	EndGlobalSection
	GlobalSection(ExtensibilityGlobals) = postSolution
		SolutionGuid = {727C4C27-7EF7-49F0-9180-3A80FE52BD28}
	EndGlobalSection
EndGlobal
